
Microsoft Visual Studio Solution File, Format Version 12.00
# Visual Studio 2012
Project("{FAE04EC0-301F-11D3-BF4B-00C04F79EFBC}") = "S2E2-DesignaStackOverflowPost", "S2E2-DesignaStackOverflowPost\S2E2-DesignaStackOverflowPost.csproj", "{A5FC672D-F3CD-4002-BBDF-36BDE1A7E073}"
EndProject
Global
	GlobalSection(SolutionConfigurationPlatforms) = preSolution
		Debug|x86 = Debug|x86
		Release|x86 = Release|x86
	EndGlobalSection
	GlobalSection(ProjectConfigurationPlatforms) = postSolution
		{A5FC672D-F3CD-4002-BBDF-36BDE1A7E073}.Debug|x86.ActiveCfg = Debug|x86
		{A5FC672D-F3CD-4002-BBDF-36BDE1A7E073}.Debug|x86.Build.0 = Debug|x86
		{A5FC672D-F3CD-4002-BBDF-36BDE1A7E073}.Release|x86.ActiveCfg = Release|x86
		{A5FC672D-F3CD-4002-BBDF-36BDE1A7E073}.Release|x86.Build.0 = Release|x86
	EndGlobalSection
EndGlobal
