
Microsoft Visual Studio Solution File, Format Version 12.00
# Visual Studio 15
VisualStudioVersion = 15.0.28010.2003
MinimumVisualStudioVersion = 10.0.40219.1
Project("{FAE04EC0-301F-11D3-BF4B-00C04F79EFBC}") = "Composition", "Composition\Composition.csproj", "{E1269E9B-1C34-45CA-A092-90C467165631}"
EndProject
Global
	GlobalSection(SolutionConfigurationPlatforms) = preSolution
		Debug|Any CPU = Debug|Any CPU
		Release|Any CPU = Release|Any CPU
	EndGlobalSection
	GlobalSection(ProjectConfigurationPlatforms) = postSolution
		{E1269E9B-1C34-45CA-A092-90C467165631}.Debug|Any CPU.ActiveCfg = Debug|Any CPU
		{E1269E9B-1C34-45CA-A092-90C467165631}.Debug|Any CPU.Build.0 = Debug|Any CPU
		{E1269E9B-1C34-45CA-A092-90C467165631}.Release|Any CPU.ActiveCfg = Release|Any CPU
		{E1269E9B-1C34-45CA-A092-90C467165631}.Release|Any CPU.Build.0 = Release|Any CPU
	EndGlobalSection
	GlobalSection(SolutionProperties) = preSolution
		HideSolutionNode = FALSE
	EndGlobalSection
	GlobalSection(ExtensibilityGlobals) = postSolution
		SolutionGuid = {A0A07AB6-BD53-4D6C-B700-9BDBDB88BE73}
	EndGlobalSection
EndGlobal
