
Microsoft Visual Studio Solution File, Format Version 12.00
# Visual Studio 15
VisualStudioVersion = 15.0.28010.2003
MinimumVisualStudioVersion = 10.0.40219.1
Project("{FAE04EC0-301F-11D3-BF4B-00C04F79EFBC}") = "S2E1 - Design a Stopwatch", "S2E1 - Design a Stopwatch\S2E1 - Design a Stopwatch.csproj", "{28CB17C5-420F-4697-BD50-BF776E7CA25B}"
EndProject
Global
	GlobalSection(SolutionConfigurationPlatforms) = preSolution
		Debug|Any CPU = Debug|Any CPU
		Release|Any CPU = Release|Any CPU
	EndGlobalSection
	GlobalSection(ProjectConfigurationPlatforms) = postSolution
		{28CB17C5-420F-4697-BD50-BF776E7CA25B}.Debug|Any CPU.ActiveCfg = Debug|Any CPU
		{28CB17C5-420F-4697-BD50-BF776E7CA25B}.Debug|Any CPU.Build.0 = Debug|Any CPU
		{28CB17C5-420F-4697-BD50-BF776E7CA25B}.Release|Any CPU.ActiveCfg = Release|Any CPU
		{28CB17C5-420F-4697-BD50-BF776E7CA25B}.Release|Any CPU.Build.0 = Release|Any CPU
	EndGlobalSection
	GlobalSection(SolutionProperties) = preSolution
		HideSolutionNode = FALSE
	EndGlobalSection
	GlobalSection(ExtensibilityGlobals) = postSolution
		SolutionGuid = {D2A50139-33DF-40C0-80F2-FFC93CCC6991}
	EndGlobalSection
EndGlobal
