
Microsoft Visual Studio Solution File, Format Version 12.00
# Visual Studio 15
VisualStudioVersion = 15.0.28010.2003
MinimumVisualStudioVersion = 10.0.40219.1
Project("{FAE04EC0-301F-11D3-BF4B-00C04F79EFBC}") = "E1S6- Workflow Engine", "E1S6- Workflow Engine\E1S6- Workflow Engine.csproj", "{EFCFC28B-F9CC-4B26-B8BE-CD90B01C51C3}"
EndProject
Global
	GlobalSection(SolutionConfigurationPlatforms) = preSolution
		Debug|Any CPU = Debug|Any CPU
		Release|Any CPU = Release|Any CPU
	EndGlobalSection
	GlobalSection(ProjectConfigurationPlatforms) = postSolution
		{EFCFC28B-F9CC-4B26-B8BE-CD90B01C51C3}.Debug|Any CPU.ActiveCfg = Debug|Any CPU
		{EFCFC28B-F9CC-4B26-B8BE-CD90B01C51C3}.Debug|Any CPU.Build.0 = Debug|Any CPU
		{EFCFC28B-F9CC-4B26-B8BE-CD90B01C51C3}.Release|Any CPU.ActiveCfg = Release|Any CPU
		{EFCFC28B-F9CC-4B26-B8BE-CD90B01C51C3}.Release|Any CPU.Build.0 = Release|Any CPU
	EndGlobalSection
	GlobalSection(SolutionProperties) = preSolution
		HideSolutionNode = FALSE
	EndGlobalSection
	GlobalSection(ExtensibilityGlobals) = postSolution
		SolutionGuid = {4745FB89-4733-4331-81F0-38A3BD467078}
	EndGlobalSection
EndGlobal
