
Microsoft Visual Studio Solution File, Format Version 12.00
# Visual Studio 15
VisualStudioVersion = 15.0.28010.2003
MinimumVisualStudioVersion = 10.0.40219.1
Project("{FAE04EC0-301F-11D3-BF4B-00C04F79EFBC}") = "Testability", "Testability\Testability.csproj", "{AB5F4095-BD32-493C-BD92-77E64409CEC5}"
EndProject
Project("{FAE04EC0-301F-11D3-BF4B-00C04F79EFBC}") = "Testability.UnitTests", "Testability.UnitTests\Testability.UnitTests.csproj", "{76134803-ED75-4DDF-950D-44B16CBE8884}"
EndProject
Global
	GlobalSection(SolutionConfigurationPlatforms) = preSolution
		Debug|Any CPU = Debug|Any CPU
		Release|Any CPU = Release|Any CPU
	EndGlobalSection
	GlobalSection(ProjectConfigurationPlatforms) = postSolution
		{AB5F4095-BD32-493C-BD92-77E64409CEC5}.Debug|Any CPU.ActiveCfg = Debug|Any CPU
		{AB5F4095-BD32-493C-BD92-77E64409CEC5}.Debug|Any CPU.Build.0 = Debug|Any CPU
		{AB5F4095-BD32-493C-BD92-77E64409CEC5}.Release|Any CPU.ActiveCfg = Release|Any CPU
		{AB5F4095-BD32-493C-BD92-77E64409CEC5}.Release|Any CPU.Build.0 = Release|Any CPU
		{76134803-ED75-4DDF-950D-44B16CBE8884}.Debug|Any CPU.ActiveCfg = Debug|Any CPU
		{76134803-ED75-4DDF-950D-44B16CBE8884}.Debug|Any CPU.Build.0 = Debug|Any CPU
		{76134803-ED75-4DDF-950D-44B16CBE8884}.Release|Any CPU.ActiveCfg = Release|Any CPU
		{76134803-ED75-4DDF-950D-44B16CBE8884}.Release|Any CPU.Build.0 = Release|Any CPU
	EndGlobalSection
	GlobalSection(SolutionProperties) = preSolution
		HideSolutionNode = FALSE
	EndGlobalSection
	GlobalSection(ExtensibilityGlobals) = postSolution
		SolutionGuid = {FB4A549D-D281-433A-BAA0-FC95AC11DB29}
	EndGlobalSection
EndGlobal
