
Microsoft Visual Studio Solution File, Format Version 12.00
# Visual Studio 15
VisualStudioVersion = 15.0.28010.2003
MinimumVisualStudioVersion = 10.0.40219.1
Project("{FAE04EC0-301F-11D3-BF4B-00C04F79EFBC}") = "AccessModifiers2", "AccessModifiers2\AccessModifiers2.csproj", "{7EF47495-D79B-49A7-B253-5EC66FB399DB}"
EndProject
Project("{FAE04EC0-301F-11D3-BF4B-00C04F79EFBC}") = "Amazon", "Amazon\Amazon.csproj", "{3DF3B8AF-7327-461C-89C9-A5B34C221D13}"
EndProject
Global
	GlobalSection(SolutionConfigurationPlatforms) = preSolution
		Debug|Any CPU = Debug|Any CPU
		Release|Any CPU = Release|Any CPU
	EndGlobalSection
	GlobalSection(ProjectConfigurationPlatforms) = postSolution
		{7EF47495-D79B-49A7-B253-5EC66FB399DB}.Debug|Any CPU.ActiveCfg = Debug|Any CPU
		{7EF47495-D79B-49A7-B253-5EC66FB399DB}.Debug|Any CPU.Build.0 = Debug|Any CPU
		{7EF47495-D79B-49A7-B253-5EC66FB399DB}.Release|Any CPU.ActiveCfg = Release|Any CPU
		{7EF47495-D79B-49A7-B253-5EC66FB399DB}.Release|Any CPU.Build.0 = Release|Any CPU
		{3DF3B8AF-7327-461C-89C9-A5B34C221D13}.Debug|Any CPU.ActiveCfg = Debug|Any CPU
		{3DF3B8AF-7327-461C-89C9-A5B34C221D13}.Debug|Any CPU.Build.0 = Debug|Any CPU
		{3DF3B8AF-7327-461C-89C9-A5B34C221D13}.Release|Any CPU.ActiveCfg = Release|Any CPU
		{3DF3B8AF-7327-461C-89C9-A5B34C221D13}.Release|Any CPU.Build.0 = Release|Any CPU
	EndGlobalSection
	GlobalSection(SolutionProperties) = preSolution
		HideSolutionNode = FALSE
	EndGlobalSection
	GlobalSection(ExtensibilityGlobals) = postSolution
		SolutionGuid = {B029C5FC-F3E1-4D4E-B7B9-2665903B9AFB}
	EndGlobalSection
EndGlobal
